
Microsoft Visual Studio Solution File, Format Version 12.00
# Visual Studio 2012
Project("{FAE04EC0-301F-11D3-BF4B-00C04F79EFBC}") = "PhotoBrowser", "PhotoBrowser\PhotoBrowser.csproj", "{0447ED1F-8F27-4FED-8126-D890B1E04B13}"
EndProject
Global
	GlobalSection(SolutionConfigurationPlatforms) = preSolution
		Debug|iPhoneSimulator = Debug|iPhoneSimulator
		Release|iPhone = Release|iPhone
		Release|iPhoneSimulator = Release|iPhoneSimulator
		Debug|iPhone = Debug|iPhone
	EndGlobalSection
	GlobalSection(ProjectConfigurationPlatforms) = postSolution
		{0447ED1F-8F27-4FED-8126-D890B1E04B13}.Debug|iPhoneSimulator.ActiveCfg = Debug|iPhoneSimulator
		{0447ED1F-8F27-4FED-8126-D890B1E04B13}.Debug|iPhoneSimulator.Build.0 = Debug|iPhoneSimulator
		{0447ED1F-8F27-4FED-8126-D890B1E04B13}.Release|iPhone.ActiveCfg = Release|iPhone
		{0447ED1F-8F27-4FED-8126-D890B1E04B13}.Release|iPhone.Build.0 = Release|iPhone
		{0447ED1F-8F27-4FED-8126-D890B1E04B13}.Release|iPhoneSimulator.ActiveCfg = Release|iPhoneSimulator
		{0447ED1F-8F27-4FED-8126-D890B1E04B13}.Release|iPhoneSimulator.Build.0 = Release|iPhoneSimulator
		{0447ED1F-8F27-4FED-8126-D890B1E04B13}.Debug|iPhone.ActiveCfg = Debug|iPhone
		{0447ED1F-8F27-4FED-8126-D890B1E04B13}.Debug|iPhone.Build.0 = Debug|iPhone
	EndGlobalSection
EndGlobal
